
Microsoft Visual Studio Solution File, Format Version 12.00
Project("{FAE04EC0-301F-11D3-BF4B-00C04F79EFBC}") = "B365.Public", "B365.Public\B365.Public.csproj", "{81FBA1F0-857D-4667-817E-72DF6F067FB7}"
EndProject
Project("{FAE04EC0-301F-11D3-BF4B-00C04F79EFBC}") = "B365.Public.Tests", "B365.Public.Tests\B365.Public.Tests.csproj", "{75858637-C841-4C32-9290-D2DC05A0ECD2}"
EndProject
Global
	GlobalSection(SolutionConfigurationPlatforms) = preSolution
		Debug|Any CPU = Debug|Any CPU
		Release|Any CPU = Release|Any CPU
	EndGlobalSection
	GlobalSection(ProjectConfigurationPlatforms) = postSolution
		{81FBA1F0-857D-4667-817E-72DF6F067FB7}.Debug|Any CPU.ActiveCfg = Debug|Any CPU
		{81FBA1F0-857D-4667-817E-72DF6F067FB7}.Debug|Any CPU.Build.0 = Debug|Any CPU
		{81FBA1F0-857D-4667-817E-72DF6F067FB7}.Release|Any CPU.ActiveCfg = Release|Any CPU
		{81FBA1F0-857D-4667-817E-72DF6F067FB7}.Release|Any CPU.Build.0 = Release|Any CPU
		{75858637-C841-4C32-9290-D2DC05A0ECD2}.Debug|Any CPU.ActiveCfg = Debug|Any CPU
		{75858637-C841-4C32-9290-D2DC05A0ECD2}.Debug|Any CPU.Build.0 = Debug|Any CPU
		{75858637-C841-4C32-9290-D2DC05A0ECD2}.Release|Any CPU.ActiveCfg = Release|Any CPU
		{75858637-C841-4C32-9290-D2DC05A0ECD2}.Release|Any CPU.Build.0 = Release|Any CPU
	EndGlobalSection
EndGlobal
